
Microsoft Visual Studio Solution File, Format Version 12.00
Project("{FAE04EC0-301F-11D3-BF4B-00C04F79EFBC}") = "TDDSample.Web", "TDDSample.Web\TDDSample.Web.csproj", "{72B2572D-18D4-4FA2-86F8-879A30A882C4}"
EndProject
Project("{2150E333-8FDC-42A3-9474-1A3956D46DE8}") = "root", "root", "{7F62A177-144D-4CCD-8F51-FC78CAD1780E}"
ProjectSection(SolutionItems) = preProject
	.gitignore = .gitignore
EndProjectSection
EndProject
Project("{FAE04EC0-301F-11D3-BF4B-00C04F79EFBC}") = "TDDSample.Web.Tests", "TDDSample.Web.Tests\TDDSample.Web.Tests.csproj", "{BBDA3093-A18B-4769-81F0-8E67E4140D8C}"
EndProject
Global
	GlobalSection(SolutionConfigurationPlatforms) = preSolution
		Debug|Any CPU = Debug|Any CPU
		Release|Any CPU = Release|Any CPU
	EndGlobalSection
	GlobalSection(ProjectConfigurationPlatforms) = postSolution
		{72B2572D-18D4-4FA2-86F8-879A30A882C4}.Debug|Any CPU.ActiveCfg = Debug|Any CPU
		{72B2572D-18D4-4FA2-86F8-879A30A882C4}.Debug|Any CPU.Build.0 = Debug|Any CPU
		{72B2572D-18D4-4FA2-86F8-879A30A882C4}.Release|Any CPU.ActiveCfg = Release|Any CPU
		{72B2572D-18D4-4FA2-86F8-879A30A882C4}.Release|Any CPU.Build.0 = Release|Any CPU
		{BBDA3093-A18B-4769-81F0-8E67E4140D8C}.Debug|Any CPU.ActiveCfg = Debug|Any CPU
		{BBDA3093-A18B-4769-81F0-8E67E4140D8C}.Debug|Any CPU.Build.0 = Debug|Any CPU
		{BBDA3093-A18B-4769-81F0-8E67E4140D8C}.Release|Any CPU.ActiveCfg = Release|Any CPU
		{BBDA3093-A18B-4769-81F0-8E67E4140D8C}.Release|Any CPU.Build.0 = Release|Any CPU
	EndGlobalSection
EndGlobal
